// !$*UTF8*$!
{
	archiveVersion = 1;
	classes = {
	};
	objectVersion = 55;
	objects = {

/* Begin PBXBuildFile section */
		015E122B28CAB819000D1982 /* AppDelegate.swift in Sources */ = {isa = PBXBuildFile; fileRef = 015E122A28CAB819000D1982 /* AppDelegate.swift */; };
		015E122D28CAB819000D1982 /* SceneDelegate.swift in Sources */ = {isa = PBXBuildFile; fileRef = 015E122C28CAB819000D1982 /* SceneDelegate.swift */; };
		015E122F28CAB819000D1982 /* ViewController.swift in Sources */ = {isa = PBXBuildFile; fileRef = 015E122E28CAB819000D1982 /* ViewController.swift */; };
		015E123228CAB819000D1982 /* Main.storyboard in Resources */ = {isa = PBXBuildFile; fileRef = 015E123028CAB819000D1982 /* Main.storyboard */; };
		015E123428CAB81A000D1982 /* Assets.xcassets in Resources */ = {isa = PBXBuildFile; fileRef = 015E123328CAB81A000D1982 /* Assets.xcassets */; };
		015E123728CAB81A000D1982 /* LaunchScreen.storyboard in Resources */ = {isa = PBXBuildFile; fileRef = 015E123528CAB81A000D1982 /* LaunchScreen.storyboard */; };
		015E124228CAB81B000D1982 /* flixsterTests.swift in Sources */ = {isa = PBXBuildFile; fileRef = 015E124128CAB81B000D1982 /* flixsterTests.swift */; };
		015E124C28CAB81B000D1982 /* flixsterUITests.swift in Sources */ = {isa = PBXBuildFile; fileRef = 015E124B28CAB81B000D1982 /* flixsterUITests.swift */; };
		015E124E28CAB81B000D1982 /* flixsterUITestsLaunchTests.swift in Sources */ = {isa = PBXBuildFile; fileRef = 015E124D28CAB81B000D1982 /* flixsterUITestsLaunchTests.swift */; };
		227454F828D314F400C0C76E /* MovieCell.swift in Sources */ = {isa = PBXBuildFile; fileRef = 227454F728D314F400C0C76E /* MovieCell.swift */; };
		227454FB28D31A0E00C0C76E /* AlamofireImage in Frameworks */ = {isa = PBXBuildFile; productRef = 227454FA28D31A0E00C0C76E /* AlamofireImage */; };
		2889207E9A5DFC863C7CD5DE /* Pods_flixsterTests.framework in Frameworks */ = {isa = PBXBuildFile; fileRef = 6137DE671300E5B31C4B89A7 /* Pods_flixsterTests.framework */; };
		F4DFA7B8E53660D57799D13B /* Pods_flixster_flixsterUITests.framework in Frameworks */ = {isa = PBXBuildFile; fileRef = E1D1CC0A28490A153359DA5B /* Pods_flixster_flixsterUITests.framework */; };
		F664A82618072BEDD210E904 /* Pods_flixster.framework in Frameworks */ = {isa = PBXBuildFile; fileRef = B01A39395C03FDC16FBD5885 /* Pods_flixster.framework */; };
/* End PBXBuildFile section */

/* Begin PBXContainerItemProxy section */
		015E123E28CAB81B000D1982 /* PBXContainerItemProxy */ = {
			isa = PBXContainerItemProxy;
			containerPortal = 015E121F28CAB819000D1982 /* Project object */;
			proxyType = 1;
			remoteGlobalIDString = 015E122628CAB819000D1982;
			remoteInfo = flixster;
		};
		015E124828CAB81B000D1982 /* PBXContainerItemProxy */ = {
			isa = PBXContainerItemProxy;
			containerPortal = 015E121F28CAB819000D1982 /* Project object */;
			proxyType = 1;
			remoteGlobalIDString = 015E122628CAB819000D1982;
			remoteInfo = flixster;
		};
/* End PBXContainerItemProxy section */

/* Begin PBXFileReference section */
		015E122728CAB819000D1982 /* flixster.app */ = {isa = PBXFileReference; explicitFileType = wrapper.application; includeInIndex = 0; path = flixster.app; sourceTree = BUILT_PRODUCTS_DIR; };
		015E122A28CAB819000D1982 /* AppDelegate.swift */ = {isa = PBXFileReference; lastKnownFileType = sourcecode.swift; path = AppDelegate.swift; sourceTree = "<group>"; };
		015E122C28CAB819000D1982 /* SceneDelegate.swift */ = {isa = PBXFileReference; lastKnownFileType = sourcecode.swift; path = SceneDelegate.swift; sourceTree = "<group>"; };
		015E122E28CAB819000D1982 /* ViewController.swift */ = {isa = PBXFileReference; lastKnownFileType = sourcecode.swift; path = ViewController.swift; sourceTree = "<group>"; };
		015E123128CAB819000D1982 /* Base */ = {isa = PBXFileReference; lastKnownFileType = file.storyboard; name = Base; path = Base.lproj/Main.storyboard; sourceTree = "<group>"; };
		015E123328CAB81A000D1982 /* Assets.xcassets */ = {isa = PBXFileReference; lastKnownFileType = folder.assetcatalog; path = Assets.xcassets; sourceTree = "<group>"; };
		015E123628CAB81A000D1982 /* Base */ = {isa = PBXFileReference; lastKnownFileType = file.storyboard; name = Base; path = Base.lproj/LaunchScreen.storyboard; sourceTree = "<group>"; };
		015E123828CAB81A000D1982 /* Info.plist */ = {isa = PBXFileReference; lastKnownFileType = text.plist.xml; path = Info.plist; sourceTree = "<group>"; };
		015E123D28CAB81B000D1982 /* flixsterTests.xctest */ = {isa = PBXFileReference; explicitFileType = wrapper.cfbundle; includeInIndex = 0; path = flixsterTests.xctest; sourceTree = BUILT_PRODUCTS_DIR; };
		015E124128CAB81B000D1982 /* flixsterTests.swift */ = {isa = PBXFileReference; lastKnownFileType = sourcecode.swift; path = flixsterTests.swift; sourceTree = "<group>"; };
		015E124728CAB81B000D1982 /* flixsterUITests.xctest */ = {isa = PBXFileReference; explicitFileType = wrapper.cfbundle; includeInIndex = 0; path = flixsterUITests.xctest; sourceTree = BUILT_PRODUCTS_DIR; };
		015E124B28CAB81B000D1982 /* flixsterUITests.swift */ = {isa = PBXFileReference; lastKnownFileType = sourcecode.swift; path = flixsterUITests.swift; sourceTree = "<group>"; };
		015E124D28CAB81B000D1982 /* flixsterUITestsLaunchTests.swift */ = {isa = PBXFileReference; lastKnownFileType = sourcecode.swift; path = flixsterUITestsLaunchTests.swift; sourceTree = "<group>"; };
		0A4C470405053C1879B993B1 /* Pods-flixster.release.xcconfig */ = {isa = PBXFileReference; includeInIndex = 1; lastKnownFileType = text.xcconfig; name = "Pods-flixster.release.xcconfig"; path = "Target Support Files/Pods-flixster/Pods-flixster.release.xcconfig"; sourceTree = "<group>"; };
		227454F728D314F400C0C76E /* MovieCell.swift */ = {isa = PBXFileReference; lastKnownFileType = sourcecode.swift; path = MovieCell.swift; sourceTree = "<group>"; };
		3C71939A3443AC4C196CC6DD /* Pods-flixster-flixsterUITests.debug.xcconfig */ = {isa = PBXFileReference; includeInIndex = 1; lastKnownFileType = text.xcconfig; name = "Pods-flixster-flixsterUITests.debug.xcconfig"; path = "Target Support Files/Pods-flixster-flixsterUITests/Pods-flixster-flixsterUITests.debug.xcconfig"; sourceTree = "<group>"; };
		6137DE671300E5B31C4B89A7 /* Pods_flixsterTests.framework */ = {isa = PBXFileReference; explicitFileType = wrapper.framework; includeInIndex = 0; path = Pods_flixsterTests.framework; sourceTree = BUILT_PRODUCTS_DIR; };
		628C14F41F49E6F6CFC25F26 /* Pods-flixster.debug.xcconfig */ = {isa = PBXFileReference; includeInIndex = 1; lastKnownFileType = text.xcconfig; name = "Pods-flixster.debug.xcconfig"; path = "Target Support Files/Pods-flixster/Pods-flixster.debug.xcconfig"; sourceTree = "<group>"; };
		7083818528FBB4B31119EEB8 /* Pods-flixsterTests.debug.xcconfig */ = {isa = PBXFileReference; includeInIndex = 1; lastKnownFileType = text.xcconfig; name = "Pods-flixsterTests.debug.xcconfig"; path = "Target Support Files/Pods-flixsterTests/Pods-flixsterTests.debug.xcconfig"; sourceTree = "<group>"; };
		A5E8B5DEE8CD8CAD0E403123 /* Pods-flixsterTests.release.xcconfig */ = {isa = PBXFileReference; includeInIndex = 1; lastKnownFileType = text.xcconfig; name = "Pods-flixsterTests.release.xcconfig"; path = "Target Support Files/Pods-flixsterTests/Pods-flixsterTests.release.xcconfig"; sourceTree = "<group>"; };
		B01A39395C03FDC16FBD5885 /* Pods_flixster.framework */ = {isa = PBXFileReference; explicitFileType = wrapper.framework; includeInIndex = 0; path = Pods_flixster.framework; sourceTree = BUILT_PRODUCTS_DIR; };
		C3C0F68C1668F118CAD6C887 /* Pods-flixster-flixsterUITests.release.xcconfig */ = {isa = PBXFileReference; includeInIndex = 1; lastKnownFileType = text.xcconfig; name = "Pods-flixster-flixsterUITests.release.xcconfig"; path = "Target Support Files/Pods-flixster-flixsterUITests/Pods-flixster-flixsterUITests.release.xcconfig"; sourceTree = "<group>"; };
		E1D1CC0A28490A153359DA5B /* Pods_flixster_flixsterUITests.framework */ = {isa = PBXFileReference; explicitFileType = wrapper.framework; includeInIndex = 0; path = Pods_flixster_flixsterUITests.framework; sourceTree = BUILT_PRODUCTS_DIR; };
/* End PBXFileReference section */

/* Begin PBXFrameworksBuildPhase section */
		015E122428CAB819000D1982 /* Frameworks */ = {
			isa = PBXFrameworksBuildPhase;
			buildActionMask = 2147483647;
			files = (
				227454FB28D31A0E00C0C76E /* AlamofireImage in Frameworks */,
				F664A82618072BEDD210E904 /* Pods_flixster.framework in Frameworks */,
			);
			runOnlyForDeploymentPostprocessing = 0;
		};
		015E123A28CAB81B000D1982 /* Frameworks */ = {
			isa = PBXFrameworksBuildPhase;
			buildActionMask = 2147483647;
			files = (
				2889207E9A5DFC863C7CD5DE /* Pods_flixsterTests.framework in Frameworks */,
			);
			runOnlyForDeploymentPostprocessing = 0;
		};
		015E124428CAB81B000D1982 /* Frameworks */ = {
			isa = PBXFrameworksBuildPhase;
			buildActionMask = 2147483647;
			files = (
				F4DFA7B8E53660D57799D13B /* Pods_flixster_flixsterUITests.framework in Frameworks */,
			);
			runOnlyForDeploymentPostprocessing = 0;
		};
/* End PBXFrameworksBuildPhase section */

/* Begin PBXGroup section */
		015E121E28CAB819000D1982 = {
			isa = PBXGroup;
			children = (
				015E122928CAB819000D1982 /* flixster */,
				015E124028CAB81B000D1982 /* flixsterTests */,
				015E124A28CAB81B000D1982 /* flixsterUITests */,
				015E122828CAB819000D1982 /* Products */,
				E13564ABA5AAE1B7E9AD1420 /* Pods */,
				04E6979931D07D4351B40771 /* Frameworks */,
			);
			sourceTree = "<group>";
		};
		015E122828CAB819000D1982 /* Products */ = {
			isa = PBXGroup;
			children = (
				015E122728CAB819000D1982 /* flixster.app */,
				015E123D28CAB81B000D1982 /* flixsterTests.xctest */,
				015E124728CAB81B000D1982 /* flixsterUITests.xctest */,
			);
			name = Products;
			sourceTree = "<group>";
		};
		015E122928CAB819000D1982 /* flixster */ = {
			isa = PBXGroup;
			children = (
				015E122A28CAB819000D1982 /* AppDelegate.swift */,
				015E122C28CAB819000D1982 /* SceneDelegate.swift */,
				015E122E28CAB819000D1982 /* ViewController.swift */,
				015E123028CAB819000D1982 /* Main.storyboard */,
				227454F728D314F400C0C76E /* MovieCell.swift */,
				015E123328CAB81A000D1982 /* Assets.xcassets */,
				015E123528CAB81A000D1982 /* LaunchScreen.storyboard */,
				015E123828CAB81A000D1982 /* Info.plist */,
			);
			path = flixster;
			sourceTree = "<group>";
		};
		015E124028CAB81B000D1982 /* flixsterTests */ = {
			isa = PBXGroup;
			children = (
				015E124128CAB81B000D1982 /* flixsterTests.swift */,
			);
			path = flixsterTests;
			sourceTree = "<group>";
		};
		015E124A28CAB81B000D1982 /* flixsterUITests */ = {
			isa = PBXGroup;
			children = (
				015E124B28CAB81B000D1982 /* flixsterUITests.swift */,
				015E124D28CAB81B000D1982 /* flixsterUITestsLaunchTests.swift */,
			);
			path = flixsterUITests;
			sourceTree = "<group>";
		};
		04E6979931D07D4351B40771 /* Frameworks */ = {
			isa = PBXGroup;
			children = (
				B01A39395C03FDC16FBD5885 /* Pods_flixster.framework */,
				E1D1CC0A28490A153359DA5B /* Pods_flixster_flixsterUITests.framework */,
				6137DE671300E5B31C4B89A7 /* Pods_flixsterTests.framework */,
			);
			name = Frameworks;
			sourceTree = "<group>";
		};
		E13564ABA5AAE1B7E9AD1420 /* Pods */ = {
			isa = PBXGroup;
			children = (
				628C14F41F49E6F6CFC25F26 /* Pods-flixster.debug.xcconfig */,
				0A4C470405053C1879B993B1 /* Pods-flixster.release.xcconfig */,
				3C71939A3443AC4C196CC6DD /* Pods-flixster-flixsterUITests.debug.xcconfig */,
				C3C0F68C1668F118CAD6C887 /* Pods-flixster-flixsterUITests.release.xcconfig */,
				7083818528FBB4B31119EEB8 /* Pods-flixsterTests.debug.xcconfig */,
				A5E8B5DEE8CD8CAD0E403123 /* Pods-flixsterTests.release.xcconfig */,
			);
			name = Pods;
			path = Pods;
			sourceTree = "<group>";
		};
/* End PBXGroup section */

/* Begin PBXNativeTarget section */
		015E122628CAB819000D1982 /* flixster */ = {
			isa = PBXNativeTarget;
			buildConfigurationList = 015E125128CAB81B000D1982 /* Build configuration list for PBXNativeTarget "flixster" */;
			buildPhases = (
				5E481F70D07238E1D4F8980E /* [CP] Check Pods Manifest.lock */,
				015E122328CAB819000D1982 /* Sources */,
				015E122428CAB819000D1982 /* Frameworks */,
				015E122528CAB819000D1982 /* Resources */,
				DF152E8C114BAA6910A3339A /* [CP] Embed Pods Frameworks */,
			);
			buildRules = (
			);
			dependencies = (
			);
			name = flixster;
			packageProductDependencies = (
				227454FA28D31A0E00C0C76E /* AlamofireImage */,
			);
			productName = flixster;
			productReference = 015E122728CAB819000D1982 /* flixster.app */;
			productType = "com.apple.product-type.application";
		};
		015E123C28CAB81B000D1982 /* flixsterTests */ = {
			isa = PBXNativeTarget;
			buildConfigurationList = 015E125428CAB81B000D1982 /* Build configuration list for PBXNativeTarget "flixsterTests" */;
			buildPhases = (
				BEE1D3FC78439416FA32A2F9 /* [CP] Check Pods Manifest.lock */,
				015E123928CAB81B000D1982 /* Sources */,
				015E123A28CAB81B000D1982 /* Frameworks */,
				015E123B28CAB81B000D1982 /* Resources */,
			);
			buildRules = (
			);
			dependencies = (
				015E123F28CAB81B000D1982 /* PBXTargetDependency */,
			);
			name = flixsterTests;
			productName = flixsterTests;
			productReference = 015E123D28CAB81B000D1982 /* flixsterTests.xctest */;
			productType = "com.apple.product-type.bundle.unit-test";
		};
		015E124628CAB81B000D1982 /* flixsterUITests */ = {
			isa = PBXNativeTarget;
			buildConfigurationList = 015E125728CAB81B000D1982 /* Build configuration list for PBXNativeTarget "flixsterUITests" */;
			buildPhases = (
				38B9F58AB37E7B585D90D318 /* [CP] Check Pods Manifest.lock */,
				015E124328CAB81B000D1982 /* Sources */,
				015E124428CAB81B000D1982 /* Frameworks */,
				015E124528CAB81B000D1982 /* Resources */,
				F1F757BC451E3E7A7359F6EC /* [CP] Embed Pods Frameworks */,
			);
			buildRules = (
			);
			dependencies = (
				015E124928CAB81B000D1982 /* PBXTargetDependency */,
			);
			name = flixsterUITests;
			productName = flixsterUITests;
			productReference = 015E124728CAB81B000D1982 /* flixsterUITests.xctest */;
			productType = "com.apple.product-type.bundle.ui-testing";
		};
/* End PBXNativeTarget section */

/* Begin PBXProject section */
		015E121F28CAB819000D1982 /* Project object */ = {
			isa = PBXProject;
			attributes = {
				BuildIndependentTargetsInParallel = 1;
				LastSwiftUpdateCheck = 1340;
				LastUpgradeCheck = 1340;
				TargetAttributes = {
					015E122628CAB819000D1982 = {
						CreatedOnToolsVersion = 13.4.1;
					};
					015E123C28CAB81B000D1982 = {
						CreatedOnToolsVersion = 13.4.1;
						TestTargetID = 015E122628CAB819000D1982;
					};
					015E124628CAB81B000D1982 = {
						CreatedOnToolsVersion = 13.4.1;
						TestTargetID = 015E122628CAB819000D1982;
					};
				};
			};
			buildConfigurationList = 015E122228CAB819000D1982 /* Build configuration list for PBXProject "flixster" */;
			compatibilityVersion = "Xcode 13.0";
			developmentRegion = en;
			hasScannedForEncodings = 0;
			knownRegions = (
				en,
				Base,
			);
			mainGroup = 015E121E28CAB819000D1982;
			packageReferences = (
				227454F928D31A0E00C0C76E /* XCRemoteSwiftPackageReference "AlamofireImage" */,
			);
			productRefGroup = 015E122828CAB819000D1982 /* Products */;
			projectDirPath = "";
			projectRoot = "";
			targets = (
				015E122628CAB819000D1982 /* flixster */,
				015E123C28CAB81B000D1982 /* flixsterTests */,
				015E124628CAB81B000D1982 /* flixsterUITests */,
			);
		};
/* End PBXProject section */

/* Begin PBXResourcesBuildPhase section */
		015E122528CAB819000D1982 /* Resources */ = {
			isa = PBXResourcesBuildPhase;
			buildActionMask = 2147483647;
			files = (
				015E123728CAB81A000D1982 /* LaunchScreen.storyboard in Resources */,
				015E123428CAB81A000D1982 /* Assets.xcassets in Resources */,
				015E123228CAB819000D1982 /* Main.storyboard in Resources */,
			);
			runOnlyForDeploymentPostprocessing = 0;
		};
		015E123B28CAB81B000D1982 /* Resources */ = {
			isa = PBXResourcesBuildPhase;
			buildActionMask = 2147483647;
			files = (
			);
			runOnlyForDeploymentPostprocessing = 0;
		};
		015E124528CAB81B000D1982 /* Resources */ = {
			isa = PBXResourcesBuildPhase;
			buildActionMask = 2147483647;
			files = (
			);
			runOnlyForDeploymentPostprocessing = 0;
		};
/* End PBXResourcesBuildPhase section */

/* Begin PBXShellScriptBuildPhase section */
		38B9F58AB37E7B585D90D318 /* [CP] Check Pods Manifest.lock */ = {
			isa = PBXShellScriptBuildPhase;
			buildActionMask = 2147483647;
			files = (
			);
			inputFileListPaths = (
			);
			inputPaths = (
				"${PODS_PODFILE_DIR_PATH}/Podfile.lock",
				"${PODS_ROOT}/Manifest.lock",
			);
			name = "[CP] Check Pods Manifest.lock";
			outputFileListPaths = (
			);
			outputPaths = (
				"$(DERIVED_FILE_DIR)/Pods-flixster-flixsterUITests-checkManifestLockResult.txt",
			);
			runOnlyForDeploymentPostprocessing = 0;
			shellPath = /bin/sh;
			shellScript = "diff \"${PODS_PODFILE_DIR_PATH}/Podfile.lock\" \"${PODS_ROOT}/Manifest.lock\" > /dev/null\nif [ $? != 0 ] ; then\n    # print error to STDERR\n    echo \"error: The sandbox is not in sync with the Podfile.lock. Run 'pod install' or update your CocoaPods installation.\" >&2\n    exit 1\nfi\n# This output is used by Xcode 'outputs' to avoid re-running this script phase.\necho \"SUCCESS\" > \"${SCRIPT_OUTPUT_FILE_0}\"\n";
			showEnvVarsInLog = 0;
		};
		5E481F70D07238E1D4F8980E /* [CP] Check Pods Manifest.lock */ = {
			isa = PBXShellScriptBuildPhase;
			buildActionMask = 2147483647;
			files = (
			);
			inputFileListPaths = (
			);
			inputPaths = (
				"${PODS_PODFILE_DIR_PATH}/Podfile.lock",
				"${PODS_ROOT}/Manifest.lock",
			);
			name = "[CP] Check Pods Manifest.lock";
			outputFileListPaths = (
			);
			outputPaths = (
				"$(DERIVED_FILE_DIR)/Pods-flixster-checkManifestLockResult.txt",
			);
			runOnlyForDeploymentPostprocessing = 0;
			shellPath = /bin/sh;
			shellScript = "diff \"${PODS_PODFILE_DIR_PATH}/Podfile.lock\" \"${PODS_ROOT}/Manifest.lock\" > /dev/null\nif [ $? != 0 ] ; then\n    # print error to STDERR\n    echo \"error: The sandbox is not in sync with the Podfile.lock. Run 'pod install' or update your CocoaPods installation.\" >&2\n    exit 1\nfi\n# This output is used by Xcode 'outputs' to avoid re-running this script phase.\necho \"SUCCESS\" > \"${SCRIPT_OUTPUT_FILE_0}\"\n";
			showEnvVarsInLog = 0;
		};
		BEE1D3FC78439416FA32A2F9 /* [CP] Check Pods Manifest.lock */ = {
			isa = PBXShellScriptBuildPhase;
			buildActionMask = 2147483647;
			files = (
			);
			inputFileListPaths = (
			);
			inputPaths = (
				"${PODS_PODFILE_DIR_PATH}/Podfile.lock",
				"${PODS_ROOT}/Manifest.lock",
			);
			name = "[CP] Check Pods Manifest.lock";
			outputFileListPaths = (
			);
			outputPaths = (
				"$(DERIVED_FILE_DIR)/Pods-flixsterTests-checkManifestLockResult.txt",
			);
			runOnlyForDeploymentPostprocessing = 0;
			shellPath = /bin/sh;
			shellScript = "diff \"${PODS_PODFILE_DIR_PATH}/Podfile.lock\" \"${PODS_ROOT}/Manifest.lock\" > /dev/null\nif [ $? != 0 ] ; then\n    # print error to STDERR\n    echo \"error: The sandbox is not in sync with the Podfile.lock. Run 'pod install' or update your CocoaPods installation.\" >&2\n    exit 1\nfi\n# This output is used by Xcode 'outputs' to avoid re-running this script phase.\necho \"SUCCESS\" > \"${SCRIPT_OUTPUT_FILE_0}\"\n";
			showEnvVarsInLog = 0;
		};
		DF152E8C114BAA6910A3339A /* [CP] Embed Pods Frameworks */ = {
			isa = PBXShellScriptBuildPhase;
			buildActionMask = 2147483647;
			files = (
			);
			inputFileListPaths = (
				"${PODS_ROOT}/Target Support Files/Pods-flixster/Pods-flixster-frameworks-${CONFIGURATION}-input-files.xcfilelist",
			);
			name = "[CP] Embed Pods Frameworks";
			outputFileListPaths = (
				"${PODS_ROOT}/Target Support Files/Pods-flixster/Pods-flixster-frameworks-${CONFIGURATION}-output-files.xcfilelist",
			);
			runOnlyForDeploymentPostprocessing = 0;
			shellPath = /bin/sh;
			shellScript = "\"${PODS_ROOT}/Target Support Files/Pods-flixster/Pods-flixster-frameworks.sh\"\n";
			showEnvVarsInLog = 0;
		};
		F1F757BC451E3E7A7359F6EC /* [CP] Embed Pods Frameworks */ = {
			isa = PBXShellScriptBuildPhase;
			buildActionMask = 2147483647;
			files = (
			);
			inputFileListPaths = (
				"${PODS_ROOT}/Target Support Files/Pods-flixster-flixsterUITests/Pods-flixster-flixsterUITests-frameworks-${CONFIGURATION}-input-files.xcfilelist",
			);
			name = "[CP] Embed Pods Frameworks";
			outputFileListPaths = (
				"${PODS_ROOT}/Target Support Files/Pods-flixster-flixsterUITests/Pods-flixster-flixsterUITests-frameworks-${CONFIGURATION}-output-files.xcfilelist",
			);
			runOnlyForDeploymentPostprocessing = 0;
			shellPath = /bin/sh;
			shellScript = "\"${PODS_ROOT}/Target Support Files/Pods-flixster-flixsterUITests/Pods-flixster-flixsterUITests-frameworks.sh\"\n";
			showEnvVarsInLog = 0;
		};
/* End PBXShellScriptBuildPhase section */

/* Begin PBXSourcesBuildPhase section */
		015E122328CAB819000D1982 /* Sources */ = {
			isa = PBXSourcesBuildPhase;
			buildActionMask = 2147483647;
			files = (
				015E122F28CAB819000D1982 /* ViewController.swift in Sources */,
				015E122B28CAB819000D1982 /* AppDelegate.swift in Sources */,
				227454F828D314F400C0C76E /* MovieCell.swift in Sources */,
				015E122D28CAB819000D1982 /* SceneDelegate.swift in Sources */,
			);
			runOnlyForDeploymentPostprocessing = 0;
		};
		015E123928CAB81B000D1982 /* Sources */ = {
			isa = PBXSourcesBuildPhase;
			buildActionMask = 2147483647;
			files = (
				015E124228CAB81B000D1982 /* flixsterTests.swift in Sources */,
			);
			runOnlyForDeploymentPostprocessing = 0;
		};
		015E124328CAB81B000D1982 /* Sources */ = {
			isa = PBXSourcesBuildPhase;
			buildActionMask = 2147483647;
			files = (
				015E124E28CAB81B000D1982 /* flixsterUITestsLaunchTests.swift in Sources */,
				015E124C28CAB81B000D1982 /* flixsterUITests.swift in Sources */,
			);
			runOnlyForDeploymentPostprocessing = 0;
		};
/* End PBXSourcesBuildPhase section */

/* Begin PBXTargetDependency section */
		015E123F28CAB81B000D1982 /* PBXTargetDependency */ = {
			isa = PBXTargetDependency;
			target = 015E122628CAB819000D1982 /* flixster */;
			targetProxy = 015E123E28CAB81B000D1982 /* PBXContainerItemProxy */;
		};
		015E124928CAB81B000D1982 /* PBXTargetDependency */ = {
			isa = PBXTargetDependency;
			target = 015E122628CAB819000D1982 /* flixster */;
			targetProxy = 015E124828CAB81B000D1982 /* PBXContainerItemProxy */;
		};
/* End PBXTargetDependency section */

/* Begin PBXVariantGroup section */
		015E123028CAB819000D1982 /* Main.storyboard */ = {
			isa = PBXVariantGroup;
			children = (
				015E123128CAB819000D1982 /* Base */,
			);
			name = Main.storyboard;
			sourceTree = "<group>";
		};
		015E123528CAB81A000D1982 /* LaunchScreen.storyboard */ = {
			isa = PBXVariantGroup;
			children = (
				015E123628CAB81A000D1982 /* Base */,
			);
			name = LaunchScreen.storyboard;
			sourceTree = "<group>";
		};
/* End PBXVariantGroup section */

/* Begin XCBuildConfiguration section */
		015E124F28CAB81B000D1982 /* Debug */ = {
			isa = XCBuildConfiguration;
			buildSettings = {
				ALWAYS_SEARCH_USER_PATHS = NO;
				CLANG_ANALYZER_NONNULL = YES;
				CLANG_ANALYZER_NUMBER_OBJECT_CONVERSION = YES_AGGRESSIVE;
				CLANG_CXX_LANGUAGE_STANDARD = "gnu++17";
				CLANG_ENABLE_MODULES = YES;
				CLANG_ENABLE_OBJC_ARC = YES;
				CLANG_ENABLE_OBJC_WEAK = YES;
				CLANG_WARN_BLOCK_CAPTURE_AUTORELEASING = YES;
				CLANG_WARN_BOOL_CONVERSION = YES;
				CLANG_WARN_COMMA = YES;
				CLANG_WARN_CONSTANT_CONVERSION = YES;
				CLANG_WARN_DEPRECATED_OBJC_IMPLEMENTATIONS = YES;
				CLANG_WARN_DIRECT_OBJC_ISA_USAGE = YES_ERROR;
				CLANG_WARN_DOCUMENTATION_COMMENTS = YES;
				CLANG_WARN_EMPTY_BODY = YES;
				CLANG_WARN_ENUM_CONVERSION = YES;
				CLANG_WARN_INFINITE_RECURSION = YES;
				CLANG_WARN_INT_CONVERSION = YES;
				CLANG_WARN_NON_LITERAL_NULL_CONVERSION = YES;
				CLANG_WARN_OBJC_IMPLICIT_RETAIN_SELF = YES;
				CLANG_WARN_OBJC_LITERAL_CONVERSION = YES;
				CLANG_WARN_OBJC_ROOT_CLASS = YES_ERROR;
				CLANG_WARN_QUOTED_INCLUDE_IN_FRAMEWORK_HEADER = YES;
				CLANG_WARN_RANGE_LOOP_ANALYSIS = YES;
				CLANG_WARN_STRICT_PROTOTYPES = YES;
				CLANG_WARN_SUSPICIOUS_MOVE = YES;
				CLANG_WARN_UNGUARDED_AVAILABILITY = YES_AGGRESSIVE;
				CLANG_WARN_UNREACHABLE_CODE = YES;
				CLANG_WARN__DUPLICATE_METHOD_MATCH = YES;
				COPY_PHASE_STRIP = NO;
				DEBUG_INFORMATION_FORMAT = dwarf;
				ENABLE_STRICT_OBJC_MSGSEND = YES;
				ENABLE_TESTABILITY = YES;
				GCC_C_LANGUAGE_STANDARD = gnu11;
				GCC_DYNAMIC_NO_PIC = NO;
				GCC_NO_COMMON_BLOCKS = YES;
				GCC_OPTIMIZATION_LEVEL = 0;
				GCC_PREPROCESSOR_DEFINITIONS = (
					"DEBUG=1",
					"$(inherited)",
				);
				GCC_WARN_64_TO_32_BIT_CONVERSION = YES;
				GCC_WARN_ABOUT_RETURN_TYPE = YES_ERROR;
				GCC_WARN_UNDECLARED_SELECTOR = YES;
				GCC_WARN_UNINITIALIZED_AUTOS = YES_AGGRESSIVE;
				GCC_WARN_UNUSED_FUNCTION = YES;
				GCC_WARN_UNUSED_VARIABLE = YES;
				IPHONEOS_DEPLOYMENT_TARGET = 15.5;
				MTL_ENABLE_DEBUG_INFO = INCLUDE_SOURCE;
				MTL_FAST_MATH = YES;
				ONLY_ACTIVE_ARCH = YES;
				SDKROOT = iphoneos;
				SWIFT_ACTIVE_COMPILATION_CONDITIONS = DEBUG;
				SWIFT_OPTIMIZATION_LEVEL = "-Onone";
			};
			name = Debug;
		};
		015E125028CAB81B000D1982 /* Release */ = {
			isa = XCBuildConfiguration;
			buildSettings = {
				ALWAYS_SEARCH_USER_PATHS = NO;
				CLANG_ANALYZER_NONNULL = YES;
				CLANG_ANALYZER_NUMBER_OBJECT_CONVERSION = YES_AGGRESSIVE;
				CLANG_CXX_LANGUAGE_STANDARD = "gnu++17";
				CLANG_ENABLE_MODULES = YES;
				CLANG_ENABLE_OBJC_ARC = YES;
				CLANG_ENABLE_OBJC_WEAK = YES;
				CLANG_WARN_BLOCK_CAPTURE_AUTORELEASING = YES;
				CLANG_WARN_BOOL_CONVERSION = YES;
				CLANG_WARN_COMMA = YES;
				CLANG_WARN_CONSTANT_CONVERSION = YES;
				CLANG_WARN_DEPRECATED_OBJC_IMPLEMENTATIONS = YES;
				CLANG_WARN_DIRECT_OBJC_ISA_USAGE = YES_ERROR;
				CLANG_WARN_DOCUMENTATION_COMMENTS = YES;
				CLANG_WARN_EMPTY_BODY = YES;
				CLANG_WARN_ENUM_CONVERSION = YES;
				CLANG_WARN_INFINITE_RECURSION = YES;
				CLANG_WARN_INT_CONVERSION = YES;
				CLANG_WARN_NON_LITERAL_NULL_CONVERSION = YES;
				CLANG_WARN_OBJC_IMPLICIT_RETAIN_SELF = YES;
				CLANG_WARN_OBJC_LITERAL_CONVERSION = YES;
				CLANG_WARN_OBJC_ROOT_CLASS = YES_ERROR;
				CLANG_WARN_QUOTED_INCLUDE_IN_FRAMEWORK_HEADER = YES;
				CLANG_WARN_RANGE_LOOP_ANALYSIS = YES;
				CLANG_WARN_STRICT_PROTOTYPES = YES;
				CLANG_WARN_SUSPICIOUS_MOVE = YES;
				CLANG_WARN_UNGUARDED_AVAILABILITY = YES_AGGRESSIVE;
				CLANG_WARN_UNREACHABLE_CODE = YES;
				CLANG_WARN__DUPLICATE_METHOD_MATCH = YES;
				COPY_PHASE_STRIP = NO;
				DEBUG_INFORMATION_FORMAT = "dwarf-with-dsym";
				ENABLE_NS_ASSERTIONS = NO;
				ENABLE_STRICT_OBJC_MSGSEND = YES;
				GCC_C_LANGUAGE_STANDARD = gnu11;
				GCC_NO_COMMON_BLOCKS = YES;
				GCC_WARN_64_TO_32_BIT_CONVERSION = YES;
				GCC_WARN_ABOUT_RETURN_TYPE = YES_ERROR;
				GCC_WARN_UNDECLARED_SELECTOR = YES;
				GCC_WARN_UNINITIALIZED_AUTOS = YES_AGGRESSIVE;
				GCC_WARN_UNUSED_FUNCTION = YES;
				GCC_WARN_UNUSED_VARIABLE = YES;
				IPHONEOS_DEPLOYMENT_TARGET = 15.5;
				MTL_ENABLE_DEBUG_INFO = NO;
				MTL_FAST_MATH = YES;
				SDKROOT = iphoneos;
				SWIFT_COMPILATION_MODE = wholemodule;
				SWIFT_OPTIMIZATION_LEVEL = "-O";
				VALIDATE_PRODUCT = YES;
			};
			name = Release;
		};
		015E125228CAB81B000D1982 /* Debug */ = {
			isa = XCBuildConfiguration;
			baseConfigurationReference = 628C14F41F49E6F6CFC25F26 /* Pods-flixster.debug.xcconfig */;
			buildSettings = {
				ASSETCATALOG_COMPILER_APPICON_NAME = AppIcon;
				ASSETCATALOG_COMPILER_GLOBAL_ACCENT_COLOR_NAME = AccentColor;
				CODE_SIGN_STYLE = Automatic;
				CURRENT_PROJECT_VERSION = 1;
				GENERATE_INFOPLIST_FILE = YES;
				INFOPLIST_FILE = flixster/Info.plist;
				INFOPLIST_KEY_UIApplicationSupportsIndirectInputEvents = YES;
				INFOPLIST_KEY_UILaunchStoryboardName = LaunchScreen;
				INFOPLIST_KEY_UIMainStoryboardFile = Main;
				INFOPLIST_KEY_UISupportedInterfaceOrientations_iPad = "UIInterfaceOrientationPortrait UIInterfaceOrientationPortraitUpsideDown UIInterfaceOrientationLandscapeLeft UIInterfaceOrientationLandscapeRight";
				INFOPLIST_KEY_UISupportedInterfaceOrientations_iPhone = "UIInterfaceOrientationPortrait UIInterfaceOrientationLandscapeLeft UIInterfaceOrientationLandscapeRight";
				LD_RUNPATH_SEARCH_PATHS = (
					"$(inherited)",
					"@executable_path/Frameworks",
				);
				MARKETING_VERSION = 1.0;
				PRODUCT_BUNDLE_IDENTIFIER = CSUMB.flixster;
				PRODUCT_NAME = "$(TARGET_NAME)";
				SWIFT_EMIT_LOC_STRINGS = YES;
				SWIFT_VERSION = 5.0;
				TARGETED_DEVICE_FAMILY = "1,2";
			};
			name = Debug;
		};
		015E125328CAB81B000D1982 /* Release */ = {
			isa = XCBuildConfiguration;
			baseConfigurationReference = 0A4C470405053C1879B993B1 /* Pods-flixster.release.xcconfig */;
			buildSettings = {
				ASSETCATALOG_COMPILER_APPICON_NAME = AppIcon;
				ASSETCATALOG_COMPILER_GLOBAL_ACCENT_COLOR_NAME = AccentColor;
				CODE_SIGN_STYLE = Automatic;
				CURRENT_PROJECT_VERSION = 1;
				GENERATE_INFOPLIST_FILE = YES;
				INFOPLIST_FILE = flixster/Info.plist;
				INFOPLIST_KEY_UIApplicationSupportsIndirectInputEvents = YES;
				INFOPLIST_KEY_UILaunchStoryboardName = LaunchScreen;
				INFOPLIST_KEY_UIMainStoryboardFile = Main;
				INFOPLIST_KEY_UISupportedInterfaceOrientations_iPad = "UIInterfaceOrientationPortrait UIInterfaceOrientationPortraitUpsideDown UIInterfaceOrientationLandscapeLeft UIInterfaceOrientationLandscapeRight";
				INFOPLIST_KEY_UISupportedInterfaceOrientations_iPhone = "UIInterfaceOrientationPortrait UIInterfaceOrientationLandscapeLeft UIInterfaceOrientationLandscapeRight";
				LD_RUNPATH_SEARCH_PATHS = (
					"$(inherited)",
					"@executable_path/Frameworks",
				);
				MARKETING_VERSION = 1.0;
				PRODUCT_BUNDLE_IDENTIFIER = CSUMB.flixster;
				PRODUCT_NAME = "$(TARGET_NAME)";
				SWIFT_EMIT_LOC_STRINGS = YES;
				SWIFT_VERSION = 5.0;
				TARGETED_DEVICE_FAMILY = "1,2";
			};
			name = Release;
		};
		015E125528CAB81B000D1982 /* Debug */ = {
			isa = XCBuildConfiguration;
			baseConfigurationReference = 7083818528FBB4B31119EEB8 /* Pods-flixsterTests.debug.xcconfig */;
			buildSettings = {
				ALWAYS_EMBED_SWIFT_STANDARD_LIBRARIES = YES;
				BUNDLE_LOADER = "$(TEST_HOST)";
				CODE_SIGN_STYLE = Automatic;
				CURRENT_PROJECT_VERSION = 1;
				GENERATE_INFOPLIST_FILE = YES;
				IPHONEOS_DEPLOYMENT_TARGET = 15.5;
				MARKETING_VERSION = 1.0;
				PRODUCT_BUNDLE_IDENTIFIER = CSUMB.flixsterTests;
				PRODUCT_NAME = "$(TARGET_NAME)";
				SWIFT_EMIT_LOC_STRINGS = NO;
				SWIFT_VERSION = 5.0;
				TARGETED_DEVICE_FAMILY = "1,2";
				TEST_HOST = "$(BUILT_PRODUCTS_DIR)/flixster.app/flixster";
			};
			name = Debug;
		};
		015E125628CAB81B000D1982 /* Release */ = {
			isa = XCBuildConfiguration;
			baseConfigurationReference = A5E8B5DEE8CD8CAD0E403123 /* Pods-flixsterTests.release.xcconfig */;
			buildSettings = {
				ALWAYS_EMBED_SWIFT_STANDARD_LIBRARIES = YES;
				BUNDLE_LOADER = "$(TEST_HOST)";
				CODE_SIGN_STYLE = Automatic;
				CURRENT_PROJECT_VERSION = 1;
				GENERATE_INFOPLIST_FILE = YES;
				IPHONEOS_DEPLOYMENT_TARGET = 15.5;
				MARKETING_VERSION = 1.0;
				PRODUCT_BUNDLE_IDENTIFIER = CSUMB.flixsterTests;
				PRODUCT_NAME = "$(TARGET_NAME)";
				SWIFT_EMIT_LOC_STRINGS = NO;
				SWIFT_VERSION = 5.0;
				TARGETED_DEVICE_FAMILY = "1,2";
				TEST_HOST = "$(BUILT_PRODUCTS_DIR)/flixster.app/flixster";
			};
			name = Release;
		};
		015E125828CAB81B000D1982 /* Debug */ = {
			isa = XCBuildConfiguration;
			baseConfigurationReference = 3C71939A3443AC4C196CC6DD /* Pods-flixster-flixsterUITests.debug.xcconfig */;
			buildSettings = {
				ALWAYS_EMBED_SWIFT_STANDARD_LIBRARIES = YES;
				CODE_SIGN_STYLE = Automatic;
				CURRENT_PROJECT_VERSION = 1;
				GENERATE_INFOPLIST_FILE = YES;
				MARKETING_VERSION = 1.0;
				PRODUCT_BUNDLE_IDENTIFIER = CSUMB.flixsterUITests;
				PRODUCT_NAME = "$(TARGET_NAME)";
				SWIFT_EMIT_LOC_STRINGS = NO;
				SWIFT_VERSION = 5.0;
				TARGETED_DEVICE_FAMILY = "1,2";
				TEST_TARGET_NAME = flixster;
			};
			name = Debug;
		};
		015E125928CAB81B000D1982 /* Release */ = {
			isa = XCBuildConfiguration;
			baseConfigurationReference = C3C0F68C1668F118CAD6C887 /* Pods-flixster-flixsterUITests.release.xcconfig */;
			buildSettings = {
				ALWAYS_EMBED_SWIFT_STANDARD_LIBRARIES = YES;
				CODE_SIGN_STYLE = Automatic;
				CURRENT_PROJECT_VERSION = 1;
				GENERATE_INFOPLIST_FILE = YES;
				MARKETING_VERSION = 1.0;
				PRODUCT_BUNDLE_IDENTIFIER = CSUMB.flixsterUITests;
				PRODUCT_NAME = "$(TARGET_NAME)";
				SWIFT_EMIT_LOC_STRINGS = NO;
				SWIFT_VERSION = 5.0;
				TARGETED_DEVICE_FAMILY = "1,2";
				TEST_TARGET_NAME = flixster;
			};
			name = Release;
		};
/* End XCBuildConfiguration section */

/* Begin XCConfigurationList section */
		015E122228CAB819000D1982 /* Build configuration list for PBXProject "flixster" */ = {
			isa = XCConfigurationList;
			buildConfigurations = (
				015E124F28CAB81B000D1982 /* Debug */,
				015E125028CAB81B000D1982 /* Release */,
			);
			defaultConfigurationIsVisible = 0;
			defaultConfigurationName = Release;
		};
		015E125128CAB81B000D1982 /* Build configuration list for PBXNativeTarget "flixster" */ = {
			isa = XCConfigurationList;
			buildConfigurations = (
				015E125228CAB81B000D1982 /* Debug */,
				015E125328CAB81B000D1982 /* Release */,
			);
			defaultConfigurationIsVisible = 0;
			defaultConfigurationName = Release;
		};
		015E125428CAB81B000D1982 /* Build configuration list for PBXNativeTarget "flixsterTests" */ = {
			isa = XCConfigurationList;
			buildConfigurations = (
				015E125528CAB81B000D1982 /* Debug */,
				015E125628CAB81B000D1982 /* Release */,
			);
			defaultConfigurationIsVisible = 0;
			defaultConfigurationName = Release;
		};
		015E125728CAB81B000D1982 /* Build configuration list for PBXNativeTarget "flixsterUITests" */ = {
			isa = XCConfigurationList;
			buildConfigurations = (
				015E125828CAB81B000D1982 /* Debug */,
				015E125928CAB81B000D1982 /* Release */,
			);
			defaultConfigurationIsVisible = 0;
			defaultConfigurationName = Release;
		};
/* End XCConfigurationList section */

/* Begin XCRemoteSwiftPackageReference section */
		227454F928D31A0E00C0C76E /* XCRemoteSwiftPackageReference "AlamofireImage" */ = {
			isa = XCRemoteSwiftPackageReference;
			repositoryURL = "https://github.com/Alamofire/AlamofireImage";
			requirement = {
				branch = master;
				kind = branch;
			};
		};
/* End XCRemoteSwiftPackageReference section */

/* Begin XCSwiftPackageProductDependency section */
		227454FA28D31A0E00C0C76E /* AlamofireImage */ = {
			isa = XCSwiftPackageProductDependency;
			package = 227454F928D31A0E00C0C76E /* XCRemoteSwiftPackageReference "AlamofireImage" */;
			productName = AlamofireImage;
		};
/* End XCSwiftPackageProductDependency section */
	};
	rootObject = 015E121F28CAB819000D1982 /* Project object */;
}
